
Microsoft Visual Studio Solution File, Format Version 12.00
# Visual Studio 2012
Project("{FAE04EC0-301F-11D3-BF4B-00C04F79EFBC}") = "Sharda_WT", "Sharda_WT\Sharda_WT.csproj", "{4E886FED-621F-459E-BACE-938074AFD7E8}"
EndProject
Project("{FAE04EC0-301F-11D3-BF4B-00C04F79EFBC}") = "CBS_ClassModel", "CBS_ClassModel\CBS_ClassModel.csproj", "{8937CD39-8166-4B8F-88EC-730DF8193DC2}"
EndProject
Project("{FAE04EC0-301F-11D3-BF4B-00C04F79EFBC}") = "CBS_SBOClassLibrary", "CBS_SBOClassLibrary\CBS_SBOClassLibrary.csproj", "{4D7CC072-029A-41DA-A967-85DDCD6950B3}"
EndProject
Global
	GlobalSection(SolutionConfigurationPlatforms) = preSolution
		Debug|Any CPU = Debug|Any CPU
		Debug|Mixed Platforms = Debug|Mixed Platforms
		Debug|x64 = Debug|x64
		Debug|x86 = Debug|x86
		Release|Any CPU = Release|Any CPU
		Release|Mixed Platforms = Release|Mixed Platforms
		Release|x64 = Release|x64
		Release|x86 = Release|x86
	EndGlobalSection
	GlobalSection(ProjectConfigurationPlatforms) = postSolution
		{4E886FED-621F-459E-BACE-938074AFD7E8}.Debug|Any CPU.ActiveCfg = Debug|Any CPU
		{4E886FED-621F-459E-BACE-938074AFD7E8}.Debug|Any CPU.Build.0 = Debug|Any CPU
		{4E886FED-621F-459E-BACE-938074AFD7E8}.Debug|Mixed Platforms.ActiveCfg = Debug|Any CPU
		{4E886FED-621F-459E-BACE-938074AFD7E8}.Debug|Mixed Platforms.Build.0 = Debug|Any CPU
		{4E886FED-621F-459E-BACE-938074AFD7E8}.Debug|x64.ActiveCfg = Debug|Any CPU
		{4E886FED-621F-459E-BACE-938074AFD7E8}.Debug|x86.ActiveCfg = Debug|Any CPU
		{4E886FED-621F-459E-BACE-938074AFD7E8}.Release|Any CPU.ActiveCfg = Release|Any CPU
		{4E886FED-621F-459E-BACE-938074AFD7E8}.Release|Any CPU.Build.0 = Release|Any CPU
		{4E886FED-621F-459E-BACE-938074AFD7E8}.Release|Mixed Platforms.ActiveCfg = Release|Any CPU
		{4E886FED-621F-459E-BACE-938074AFD7E8}.Release|Mixed Platforms.Build.0 = Release|Any CPU
		{4E886FED-621F-459E-BACE-938074AFD7E8}.Release|x64.ActiveCfg = Release|Any CPU
		{4E886FED-621F-459E-BACE-938074AFD7E8}.Release|x86.ActiveCfg = Release|Any CPU
		{8937CD39-8166-4B8F-88EC-730DF8193DC2}.Debug|Any CPU.ActiveCfg = Debug|x86
		{8937CD39-8166-4B8F-88EC-730DF8193DC2}.Debug|Mixed Platforms.ActiveCfg = Debug|x86
		{8937CD39-8166-4B8F-88EC-730DF8193DC2}.Debug|Mixed Platforms.Build.0 = Debug|x86
		{8937CD39-8166-4B8F-88EC-730DF8193DC2}.Debug|x64.ActiveCfg = Debug|x64
		{8937CD39-8166-4B8F-88EC-730DF8193DC2}.Debug|x64.Build.0 = Debug|x64
		{8937CD39-8166-4B8F-88EC-730DF8193DC2}.Debug|x86.ActiveCfg = Debug|x86
		{8937CD39-8166-4B8F-88EC-730DF8193DC2}.Debug|x86.Build.0 = Debug|x86
		{8937CD39-8166-4B8F-88EC-730DF8193DC2}.Release|Any CPU.ActiveCfg = Release|x86
		{8937CD39-8166-4B8F-88EC-730DF8193DC2}.Release|Mixed Platforms.ActiveCfg = Release|x86
		{8937CD39-8166-4B8F-88EC-730DF8193DC2}.Release|Mixed Platforms.Build.0 = Release|x86
		{8937CD39-8166-4B8F-88EC-730DF8193DC2}.Release|x64.ActiveCfg = Release|x64
		{8937CD39-8166-4B8F-88EC-730DF8193DC2}.Release|x64.Build.0 = Release|x64
		{8937CD39-8166-4B8F-88EC-730DF8193DC2}.Release|x86.ActiveCfg = Release|x86
		{8937CD39-8166-4B8F-88EC-730DF8193DC2}.Release|x86.Build.0 = Release|x86
		{4D7CC072-029A-41DA-A967-85DDCD6950B3}.Debug|Any CPU.ActiveCfg = Debug|x86
		{4D7CC072-029A-41DA-A967-85DDCD6950B3}.Debug|Mixed Platforms.ActiveCfg = Debug|x86
		{4D7CC072-029A-41DA-A967-85DDCD6950B3}.Debug|Mixed Platforms.Build.0 = Debug|x86
		{4D7CC072-029A-41DA-A967-85DDCD6950B3}.Debug|x64.ActiveCfg = Debug|x64
		{4D7CC072-029A-41DA-A967-85DDCD6950B3}.Debug|x64.Build.0 = Debug|x64
		{4D7CC072-029A-41DA-A967-85DDCD6950B3}.Debug|x86.ActiveCfg = Debug|x86
		{4D7CC072-029A-41DA-A967-85DDCD6950B3}.Debug|x86.Build.0 = Debug|x86
		{4D7CC072-029A-41DA-A967-85DDCD6950B3}.Release|Any CPU.ActiveCfg = Release|x86
		{4D7CC072-029A-41DA-A967-85DDCD6950B3}.Release|Mixed Platforms.ActiveCfg = Release|x86
		{4D7CC072-029A-41DA-A967-85DDCD6950B3}.Release|Mixed Platforms.Build.0 = Release|x86
		{4D7CC072-029A-41DA-A967-85DDCD6950B3}.Release|x64.ActiveCfg = Release|x64
		{4D7CC072-029A-41DA-A967-85DDCD6950B3}.Release|x64.Build.0 = Release|x64
		{4D7CC072-029A-41DA-A967-85DDCD6950B3}.Release|x86.ActiveCfg = Release|x86
		{4D7CC072-029A-41DA-A967-85DDCD6950B3}.Release|x86.Build.0 = Release|x86
	EndGlobalSection
	GlobalSection(SolutionProperties) = preSolution
		HideSolutionNode = FALSE
	EndGlobalSection
EndGlobal
